
Microsoft Visual Studio Solution File, Format Version 12.00
# Visual Studio Version 17
VisualStudioVersion = 17.0.31919.166
MinimumVisualStudioVersion = 10.0.40219.1
Project("{9A19103F-16F7-4668-BE54-9A1E7A4F7556}") = "Infrastructure", "Infrastructure\Infrastructure.csproj", "{B6560843-84C9-46CF-AFA2-0DA3E4356A21}"
EndProject
Project("{9A19103F-16F7-4668-BE54-9A1E7A4F7556}") = "Core", "Core\Core.csproj", "{783981EC-FE09-4B47-BC6A-A5657FF1098A}"
EndProject
Project("{9A19103F-16F7-4668-BE54-9A1E7A4F7556}") = "Application", "Application\Application.csproj", "{94BA75BE-652C-43C9-BC3F-F1F0AD21DCA0}"
EndProject
Project("{9A19103F-16F7-4668-BE54-9A1E7A4F7556}") = "Domain", "Domain\Domain.csproj", "{E9EF5746-0B35-440B-AA25-AE11D22D1679}"
EndProject
Project("{9A19103F-16F7-4668-BE54-9A1E7A4F7556}") = "DomainTests", "DomainTests\DomainTests.csproj", "{463B4094-FCEB-40BA-BB9F-26EBA4490B24}"
EndProject
Project("{9A19103F-16F7-4668-BE54-9A1E7A4F7556}") = "Database", "Database\Database.csproj", "{B5C59904-C4F4-44F0-95E7-165329ECD6C1}"
EndProject
Project("{9A19103F-16F7-4668-BE54-9A1E7A4F7556}") = "DatabaseTests", "DatabaseTests\DatabaseTests.csproj", "{EC1F53B4-293D-4E28-9DBF-5BFBEF0869AA}"
EndProject
Project("{9A19103F-16F7-4668-BE54-9A1E7A4F7556}") = "WebApi", "WebApi\WebApi.csproj", "{F9ACBC2E-F567-41F9-8BB7-D8C067742A2C}"
EndProject
Project("{E24C65DC-7377-472B-9ABA-BC803B73C61A}") = "UserInterface", "UserInterface\", "{1342918D-5228-4196-B953-52D4BCD4DE06}"
	ProjectSection(WebsiteProperties) = preProject
		TargetFrameworkMoniker = ".NETFramework,Version%3Dv4.5"
		Debug.AspNetCompiler.VirtualPath = "/localhost_55509"
		Debug.AspNetCompiler.PhysicalPath = "UserInterface\"
		Debug.AspNetCompiler.TargetPath = "PrecompiledWeb\localhost_55509\"
		Debug.AspNetCompiler.Updateable = "true"
		Debug.AspNetCompiler.ForceOverwrite = "true"
		Debug.AspNetCompiler.FixedNames = "false"
		Debug.AspNetCompiler.Debug = "True"
		Release.AspNetCompiler.VirtualPath = "/localhost_55509"
		Release.AspNetCompiler.PhysicalPath = "UserInterface\"
		Release.AspNetCompiler.TargetPath = "PrecompiledWeb\localhost_55509\"
		Release.AspNetCompiler.Updateable = "true"
		Release.AspNetCompiler.ForceOverwrite = "true"
		Release.AspNetCompiler.FixedNames = "false"
		Release.AspNetCompiler.Debug = "False"
		VWDPort = "55509"
		SlnRelativePath = "UserInterface\"
	EndProjectSection
EndProject
Global
	GlobalSection(SolutionConfigurationPlatforms) = preSolution
		Debug|Any CPU = Debug|Any CPU
		Release|Any CPU = Release|Any CPU
	EndGlobalSection
	GlobalSection(ProjectConfigurationPlatforms) = postSolution
		{B6560843-84C9-46CF-AFA2-0DA3E4356A21}.Debug|Any CPU.ActiveCfg = Debug|Any CPU
		{B6560843-84C9-46CF-AFA2-0DA3E4356A21}.Debug|Any CPU.Build.0 = Debug|Any CPU
		{B6560843-84C9-46CF-AFA2-0DA3E4356A21}.Release|Any CPU.ActiveCfg = Release|Any CPU
		{B6560843-84C9-46CF-AFA2-0DA3E4356A21}.Release|Any CPU.Build.0 = Release|Any CPU
		{783981EC-FE09-4B47-BC6A-A5657FF1098A}.Debug|Any CPU.ActiveCfg = Debug|Any CPU
		{783981EC-FE09-4B47-BC6A-A5657FF1098A}.Debug|Any CPU.Build.0 = Debug|Any CPU
		{783981EC-FE09-4B47-BC6A-A5657FF1098A}.Release|Any CPU.ActiveCfg = Release|Any CPU
		{783981EC-FE09-4B47-BC6A-A5657FF1098A}.Release|Any CPU.Build.0 = Release|Any CPU
		{94BA75BE-652C-43C9-BC3F-F1F0AD21DCA0}.Debug|Any CPU.ActiveCfg = Debug|Any CPU
		{94BA75BE-652C-43C9-BC3F-F1F0AD21DCA0}.Debug|Any CPU.Build.0 = Debug|Any CPU
		{94BA75BE-652C-43C9-BC3F-F1F0AD21DCA0}.Release|Any CPU.ActiveCfg = Release|Any CPU
		{94BA75BE-652C-43C9-BC3F-F1F0AD21DCA0}.Release|Any CPU.Build.0 = Release|Any CPU
		{E9EF5746-0B35-440B-AA25-AE11D22D1679}.Debug|Any CPU.ActiveCfg = Debug|Any CPU
		{E9EF5746-0B35-440B-AA25-AE11D22D1679}.Debug|Any CPU.Build.0 = Debug|Any CPU
		{E9EF5746-0B35-440B-AA25-AE11D22D1679}.Release|Any CPU.ActiveCfg = Release|Any CPU
		{E9EF5746-0B35-440B-AA25-AE11D22D1679}.Release|Any CPU.Build.0 = Release|Any CPU
		{463B4094-FCEB-40BA-BB9F-26EBA4490B24}.Debug|Any CPU.ActiveCfg = Debug|Any CPU
		{463B4094-FCEB-40BA-BB9F-26EBA4490B24}.Debug|Any CPU.Build.0 = Debug|Any CPU
		{463B4094-FCEB-40BA-BB9F-26EBA4490B24}.Release|Any CPU.ActiveCfg = Release|Any CPU
		{463B4094-FCEB-40BA-BB9F-26EBA4490B24}.Release|Any CPU.Build.0 = Release|Any CPU
		{B5C59904-C4F4-44F0-95E7-165329ECD6C1}.Debug|Any CPU.ActiveCfg = Debug|Any CPU
		{B5C59904-C4F4-44F0-95E7-165329ECD6C1}.Debug|Any CPU.Build.0 = Debug|Any CPU
		{B5C59904-C4F4-44F0-95E7-165329ECD6C1}.Release|Any CPU.ActiveCfg = Release|Any CPU
		{B5C59904-C4F4-44F0-95E7-165329ECD6C1}.Release|Any CPU.Build.0 = Release|Any CPU
		{EC1F53B4-293D-4E28-9DBF-5BFBEF0869AA}.Debug|Any CPU.ActiveCfg = Debug|Any CPU
		{EC1F53B4-293D-4E28-9DBF-5BFBEF0869AA}.Debug|Any CPU.Build.0 = Debug|Any CPU
		{EC1F53B4-293D-4E28-9DBF-5BFBEF0869AA}.Release|Any CPU.ActiveCfg = Release|Any CPU
		{EC1F53B4-293D-4E28-9DBF-5BFBEF0869AA}.Release|Any CPU.Build.0 = Release|Any CPU
		{F9ACBC2E-F567-41F9-8BB7-D8C067742A2C}.Debug|Any CPU.ActiveCfg = Debug|Any CPU
		{F9ACBC2E-F567-41F9-8BB7-D8C067742A2C}.Debug|Any CPU.Build.0 = Debug|Any CPU
		{F9ACBC2E-F567-41F9-8BB7-D8C067742A2C}.Release|Any CPU.ActiveCfg = Release|Any CPU
		{F9ACBC2E-F567-41F9-8BB7-D8C067742A2C}.Release|Any CPU.Build.0 = Release|Any CPU
		{1342918D-5228-4196-B953-52D4BCD4DE06}.Debug|Any CPU.ActiveCfg = Debug|Any CPU
		{1342918D-5228-4196-B953-52D4BCD4DE06}.Debug|Any CPU.Build.0 = Debug|Any CPU
		{1342918D-5228-4196-B953-52D4BCD4DE06}.Release|Any CPU.ActiveCfg = Debug|Any CPU
		{1342918D-5228-4196-B953-52D4BCD4DE06}.Release|Any CPU.Build.0 = Debug|Any CPU
	EndGlobalSection
	GlobalSection(SolutionProperties) = preSolution
		HideSolutionNode = FALSE
	EndGlobalSection
	GlobalSection(ExtensibilityGlobals) = postSolution
		SolutionGuid = {A54C7076-EBA8-4196-9591-7CC583D7C013}
	EndGlobalSection
EndGlobal
